
Microsoft Visual Studio Solution File, Format Version 12.00
# Visual Studio 15
VisualStudioVersion = 15.0.28307.168
MinimumVisualStudioVersion = 10.0.40219.1
Project("{8BC9CEB8-8B4A-11D0-8D11-00A0C91BC942}") = "Lab3_PK4", "Lab3_PK4\Lab3_PK4.vcxproj", "{7C23FFDE-8CFC-40C9-924C-9F0F3D41F0DF}"
EndProject
Global
	GlobalSection(SolutionConfigurationPlatforms) = preSolution
		Debug|x64 = Debug|x64
		Debug|x86 = Debug|x86
		Release|x64 = Release|x64
		Release|x86 = Release|x86
	EndGlobalSection
	GlobalSection(ProjectConfigurationPlatforms) = postSolution
		{7C23FFDE-8CFC-40C9-924C-9F0F3D41F0DF}.Debug|x64.ActiveCfg = Debug|x64
		{7C23FFDE-8CFC-40C9-924C-9F0F3D41F0DF}.Debug|x64.Build.0 = Debug|x64
		{7C23FFDE-8CFC-40C9-924C-9F0F3D41F0DF}.Debug|x86.ActiveCfg = Debug|Win32
		{7C23FFDE-8CFC-40C9-924C-9F0F3D41F0DF}.Debug|x86.Build.0 = Debug|Win32
		{7C23FFDE-8CFC-40C9-924C-9F0F3D41F0DF}.Release|x64.ActiveCfg = Release|x64
		{7C23FFDE-8CFC-40C9-924C-9F0F3D41F0DF}.Release|x64.Build.0 = Release|x64
		{7C23FFDE-8CFC-40C9-924C-9F0F3D41F0DF}.Release|x86.ActiveCfg = Release|Win32
		{7C23FFDE-8CFC-40C9-924C-9F0F3D41F0DF}.Release|x86.Build.0 = Release|Win32
	EndGlobalSection
	GlobalSection(SolutionProperties) = preSolution
		HideSolutionNode = FALSE
	EndGlobalSection
	GlobalSection(ExtensibilityGlobals) = postSolution
		SolutionGuid = {CB9E33D8-B3F3-4308-B7DC-97419989B2B4}
	EndGlobalSection
EndGlobal
